// !$*UTF8*$!
{
	archiveVersion = 1;
	classes = {
	};
	objectVersion = 56;
	objects = {

/* Begin PBXBuildFile section */
		60034CAB2A65DF730030E5D4 /* RegistrationTableViewController.swift in Sources */ = {isa = PBXBuildFile; fileRef = 60034CAA2A65DF720030E5D4 /* RegistrationTableViewController.swift */; };
		602EE90A2A6071C300108124 /* Registration.swift in Sources */ = {isa = PBXBuildFile; fileRef = 602EE9092A6071C300108124 /* Registration.swift */; };
		602EE90C2A60731E00108124 /* RoomType.swift in Sources */ = {isa = PBXBuildFile; fileRef = 602EE90B2A60731E00108124 /* RoomType.swift */; };
		602EE90F2A60769B00108124 /* AddRegistrationTableViewController.swift in Sources */ = {isa = PBXBuildFile; fileRef = 602EE90E2A60769B00108124 /* AddRegistrationTableViewController.swift */; };
		6066079B2A65846E0028368C /* SelectRoomTypeTableViewController.swift in Sources */ = {isa = PBXBuildFile; fileRef = 6066079A2A65846E0028368C /* SelectRoomTypeTableViewController.swift */; };
		607710682A5F3B1B0036F5D1 /* AppDelegate.swift in Sources */ = {isa = PBXBuildFile; fileRef = 607710672A5F3B1B0036F5D1 /* AppDelegate.swift */; };
		6077106A2A5F3B1B0036F5D1 /* SceneDelegate.swift in Sources */ = {isa = PBXBuildFile; fileRef = 607710692A5F3B1B0036F5D1 /* SceneDelegate.swift */; };
		6077106F2A5F3B1B0036F5D1 /* Main.storyboard in Resources */ = {isa = PBXBuildFile; fileRef = 6077106D2A5F3B1B0036F5D1 /* Main.storyboard */; };
		607710712A5F3B1C0036F5D1 /* Assets.xcassets in Resources */ = {isa = PBXBuildFile; fileRef = 607710702A5F3B1C0036F5D1 /* Assets.xcassets */; };
		607710742A5F3B1C0036F5D1 /* LaunchScreen.storyboard in Resources */ = {isa = PBXBuildFile; fileRef = 607710722A5F3B1C0036F5D1 /* LaunchScreen.storyboard */; };
/* End PBXBuildFile section */

/* Begin PBXFileReference section */
		60034CAA2A65DF720030E5D4 /* RegistrationTableViewController.swift */ = {isa = PBXFileReference; lastKnownFileType = sourcecode.swift; path = RegistrationTableViewController.swift; sourceTree = "<group>"; };
		602EE9092A6071C300108124 /* Registration.swift */ = {isa = PBXFileReference; lastKnownFileType = sourcecode.swift; path = Registration.swift; sourceTree = "<group>"; };
		602EE90B2A60731E00108124 /* RoomType.swift */ = {isa = PBXFileReference; lastKnownFileType = sourcecode.swift; path = RoomType.swift; sourceTree = "<group>"; };
		602EE90E2A60769B00108124 /* AddRegistrationTableViewController.swift */ = {isa = PBXFileReference; lastKnownFileType = sourcecode.swift; path = AddRegistrationTableViewController.swift; sourceTree = "<group>"; };
		6066079A2A65846E0028368C /* SelectRoomTypeTableViewController.swift */ = {isa = PBXFileReference; lastKnownFileType = sourcecode.swift; path = SelectRoomTypeTableViewController.swift; sourceTree = "<group>"; };
		607710642A5F3B1B0036F5D1 /* HotelBooking.app */ = {isa = PBXFileReference; explicitFileType = wrapper.application; includeInIndex = 0; path = HotelBooking.app; sourceTree = BUILT_PRODUCTS_DIR; };
		607710672A5F3B1B0036F5D1 /* AppDelegate.swift */ = {isa = PBXFileReference; lastKnownFileType = sourcecode.swift; path = AppDelegate.swift; sourceTree = "<group>"; };
		607710692A5F3B1B0036F5D1 /* SceneDelegate.swift */ = {isa = PBXFileReference; lastKnownFileType = sourcecode.swift; path = SceneDelegate.swift; sourceTree = "<group>"; };
		6077106E2A5F3B1B0036F5D1 /* Base */ = {isa = PBXFileReference; lastKnownFileType = file.storyboard; name = Base; path = Base.lproj/Main.storyboard; sourceTree = "<group>"; };
		607710702A5F3B1C0036F5D1 /* Assets.xcassets */ = {isa = PBXFileReference; lastKnownFileType = folder.assetcatalog; path = Assets.xcassets; sourceTree = "<group>"; };
		607710732A5F3B1C0036F5D1 /* Base */ = {isa = PBXFileReference; lastKnownFileType = file.storyboard; name = Base; path = Base.lproj/LaunchScreen.storyboard; sourceTree = "<group>"; };
		607710752A5F3B1C0036F5D1 /* Info.plist */ = {isa = PBXFileReference; lastKnownFileType = text.plist.xml; path = Info.plist; sourceTree = "<group>"; };
/* End PBXFileReference section */

/* Begin PBXFrameworksBuildPhase section */
		607710612A5F3B1B0036F5D1 /* Frameworks */ = {
			isa = PBXFrameworksBuildPhase;
			buildActionMask = 2147483647;
			files = (
			);
			runOnlyForDeploymentPostprocessing = 0;
		};
/* End PBXFrameworksBuildPhase section */

/* Begin PBXGroup section */
		60034CA92A65DF630030E5D4 /* Registration */ = {
			isa = PBXGroup;
			children = (
				60034CAA2A65DF720030E5D4 /* RegistrationTableViewController.swift */,
			);
			path = Registration;
			sourceTree = "<group>";
		};
		60034CAC2A65E9920030E5D4 /* Room */ = {
			isa = PBXGroup;
			children = (
				6066079A2A65846E0028368C /* SelectRoomTypeTableViewController.swift */,
			);
			path = Room;
			sourceTree = "<group>";
		};
		60034CAD2A65E9990030E5D4 /* Add */ = {
			isa = PBXGroup;
			children = (
				602EE90E2A60769B00108124 /* AddRegistrationTableViewController.swift */,
			);
			path = Add;
			sourceTree = "<group>";
		};
		60034CAE2A65E9A20030E5D4 /* Sources */ = {
			isa = PBXGroup;
			children = (
				607710702A5F3B1C0036F5D1 /* Assets.xcassets */,
				607710672A5F3B1B0036F5D1 /* AppDelegate.swift */,
				607710692A5F3B1B0036F5D1 /* SceneDelegate.swift */,
			);
			path = Sources;
			sourceTree = "<group>";
		};
		60034CAF2A65E9AC0030E5D4 /* Storyboards */ = {
			isa = PBXGroup;
			children = (
			);
			path = Storyboards;
			sourceTree = "<group>";
		};
		602EE9082A6071AD00108124 /* Models */ = {
			isa = PBXGroup;
			children = (
				602EE9092A6071C300108124 /* Registration.swift */,
				602EE90B2A60731E00108124 /* RoomType.swift */,
			);
			path = Models;
			sourceTree = "<group>";
		};
		602EE90D2A60764C00108124 /* Scene */ = {
			isa = PBXGroup;
			children = (
				60034CAD2A65E9990030E5D4 /* Add */,
				60034CAC2A65E9920030E5D4 /* Room */,
				60034CA92A65DF630030E5D4 /* Registration */,
			);
			path = Scene;
			sourceTree = "<group>";
		};
		6077105B2A5F3B1B0036F5D1 = {
			isa = PBXGroup;
			children = (
				607710662A5F3B1B0036F5D1 /* HotelBooking */,
				607710652A5F3B1B0036F5D1 /* Products */,
			);
			sourceTree = "<group>";
		};
		607710652A5F3B1B0036F5D1 /* Products */ = {
			isa = PBXGroup;
			children = (
				607710642A5F3B1B0036F5D1 /* HotelBooking.app */,
			);
			name = Products;
			sourceTree = "<group>";
		};
		607710662A5F3B1B0036F5D1 /* HotelBooking */ = {
			isa = PBXGroup;
			children = (
				6077106D2A5F3B1B0036F5D1 /* Main.storyboard */,
				607710722A5F3B1C0036F5D1 /* LaunchScreen.storyboard */,
				60034CAF2A65E9AC0030E5D4 /* Storyboards */,
				60034CAE2A65E9A20030E5D4 /* Sources */,
				602EE90D2A60764C00108124 /* Scene */,
				602EE9082A6071AD00108124 /* Models */,
				607710752A5F3B1C0036F5D1 /* Info.plist */,
			);
			path = HotelBooking;
			sourceTree = "<group>";
		};
/* End PBXGroup section */

/* Begin PBXNativeTarget section */
		607710632A5F3B1B0036F5D1 /* HotelBooking */ = {
			isa = PBXNativeTarget;
			buildConfigurationList = 607710782A5F3B1C0036F5D1 /* Build configuration list for PBXNativeTarget "HotelBooking" */;
			buildPhases = (
				607710602A5F3B1B0036F5D1 /* Sources */,
				607710612A5F3B1B0036F5D1 /* Frameworks */,
				607710622A5F3B1B0036F5D1 /* Resources */,
			);
			buildRules = (
			);
			dependencies = (
			);
			name = HotelBooking;
			productName = HotelBooking;
			productReference = 607710642A5F3B1B0036F5D1 /* HotelBooking.app */;
			productType = "com.apple.product-type.application";
		};
/* End PBXNativeTarget section */

/* Begin PBXProject section */
		6077105C2A5F3B1B0036F5D1 /* Project object */ = {
			isa = PBXProject;
			attributes = {
				BuildIndependentTargetsInParallel = 1;
				LastSwiftUpdateCheck = 1430;
				LastUpgradeCheck = 1430;
				TargetAttributes = {
					607710632A5F3B1B0036F5D1 = {
						CreatedOnToolsVersion = 14.3;
					};
				};
			};
			buildConfigurationList = 6077105F2A5F3B1B0036F5D1 /* Build configuration list for PBXProject "HotelBooking" */;
			compatibilityVersion = "Xcode 14.0";
			developmentRegion = en;
			hasScannedForEncodings = 0;
			knownRegions = (
				en,
				Base,
			);
			mainGroup = 6077105B2A5F3B1B0036F5D1;
			productRefGroup = 607710652A5F3B1B0036F5D1 /* Products */;
			projectDirPath = "";
			projectRoot = "";
			targets = (
				607710632A5F3B1B0036F5D1 /* HotelBooking */,
			);
		};
/* End PBXProject section */

/* Begin PBXResourcesBuildPhase section */
		607710622A5F3B1B0036F5D1 /* Resources */ = {
			isa = PBXResourcesBuildPhase;
			buildActionMask = 2147483647;
			files = (
				607710742A5F3B1C0036F5D1 /* LaunchScreen.storyboard in Resources */,
				607710712A5F3B1C0036F5D1 /* Assets.xcassets in Resources */,
				6077106F2A5F3B1B0036F5D1 /* Main.storyboard in Resources */,
			);
			runOnlyForDeploymentPostprocessing = 0;
		};
/* End PBXResourcesBuildPhase section */

/* Begin PBXSourcesBuildPhase section */
		607710602A5F3B1B0036F5D1 /* Sources */ = {
			isa = PBXSourcesBuildPhase;
			buildActionMask = 2147483647;
			files = (
				6066079B2A65846E0028368C /* SelectRoomTypeTableViewController.swift in Sources */,
				602EE90F2A60769B00108124 /* AddRegistrationTableViewController.swift in Sources */,
				602EE90A2A6071C300108124 /* Registration.swift in Sources */,
				602EE90C2A60731E00108124 /* RoomType.swift in Sources */,
				607710682A5F3B1B0036F5D1 /* AppDelegate.swift in Sources */,
				6077106A2A5F3B1B0036F5D1 /* SceneDelegate.swift in Sources */,
				60034CAB2A65DF730030E5D4 /* RegistrationTableViewController.swift in Sources */,
			);
			runOnlyForDeploymentPostprocessing = 0;
		};
/* End PBXSourcesBuildPhase section */

/* Begin PBXVariantGroup section */
		6077106D2A5F3B1B0036F5D1 /* Main.storyboard */ = {
			isa = PBXVariantGroup;
			children = (
				6077106E2A5F3B1B0036F5D1 /* Base */,
			);
			name = Main.storyboard;
			sourceTree = "<group>";
		};
		607710722A5F3B1C0036F5D1 /* LaunchScreen.storyboard */ = {
			isa = PBXVariantGroup;
			children = (
				607710732A5F3B1C0036F5D1 /* Base */,
			);
			name = LaunchScreen.storyboard;
			sourceTree = "<group>";
		};
/* End PBXVariantGroup section */

/* Begin XCBuildConfiguration section */
		607710762A5F3B1C0036F5D1 /* Debug */ = {
			isa = XCBuildConfiguration;
			buildSettings = {
				ALWAYS_SEARCH_USER_PATHS = NO;
				CLANG_ANALYZER_NONNULL = YES;
				CLANG_ANALYZER_NUMBER_OBJECT_CONVERSION = YES_AGGRESSIVE;
				CLANG_CXX_LANGUAGE_STANDARD = "gnu++20";
				CLANG_ENABLE_MODULES = YES;
				CLANG_ENABLE_OBJC_ARC = YES;
				CLANG_ENABLE_OBJC_WEAK = YES;
				CLANG_WARN_BLOCK_CAPTURE_AUTORELEASING = YES;
				CLANG_WARN_BOOL_CONVERSION = YES;
				CLANG_WARN_COMMA = YES;
				CLANG_WARN_CONSTANT_CONVERSION = YES;
				CLANG_WARN_DEPRECATED_OBJC_IMPLEMENTATIONS = YES;
				CLANG_WARN_DIRECT_OBJC_ISA_USAGE = YES_ERROR;
				CLANG_WARN_DOCUMENTATION_COMMENTS = YES;
				CLANG_WARN_EMPTY_BODY = YES;
				CLANG_WARN_ENUM_CONVERSION = YES;
				CLANG_WARN_INFINITE_RECURSION = YES;
				CLANG_WARN_INT_CONVERSION = YES;
				CLANG_WARN_NON_LITERAL_NULL_CONVERSION = YES;
				CLANG_WARN_OBJC_IMPLICIT_RETAIN_SELF = YES;
				CLANG_WARN_OBJC_LITERAL_CONVERSION = YES;
				CLANG_WARN_OBJC_ROOT_CLASS = YES_ERROR;
				CLANG_WARN_QUOTED_INCLUDE_IN_FRAMEWORK_HEADER = YES;
				CLANG_WARN_RANGE_LOOP_ANALYSIS = YES;
				CLANG_WARN_STRICT_PROTOTYPES = YES;
				CLANG_WARN_SUSPICIOUS_MOVE = YES;
				CLANG_WARN_UNGUARDED_AVAILABILITY = YES_AGGRESSIVE;
				CLANG_WARN_UNREACHABLE_CODE = YES;
				CLANG_WARN__DUPLICATE_METHOD_MATCH = YES;
				COPY_PHASE_STRIP = NO;
				DEBUG_INFORMATION_FORMAT = dwarf;
				ENABLE_STRICT_OBJC_MSGSEND = YES;
				ENABLE_TESTABILITY = YES;
				GCC_C_LANGUAGE_STANDARD = gnu11;
				GCC_DYNAMIC_NO_PIC = NO;
				GCC_NO_COMMON_BLOCKS = YES;
				GCC_OPTIMIZATION_LEVEL = 0;
				GCC_PREPROCESSOR_DEFINITIONS = (
					"DEBUG=1",
					"$(inherited)",
				);
				GCC_WARN_64_TO_32_BIT_CONVERSION = YES;
				GCC_WARN_ABOUT_RETURN_TYPE = YES_ERROR;
				GCC_WARN_UNDECLARED_SELECTOR = YES;
				GCC_WARN_UNINITIALIZED_AUTOS = YES_AGGRESSIVE;
				GCC_WARN_UNUSED_FUNCTION = YES;
				GCC_WARN_UNUSED_VARIABLE = YES;
				IPHONEOS_DEPLOYMENT_TARGET = 16.4;
				MTL_ENABLE_DEBUG_INFO = INCLUDE_SOURCE;
				MTL_FAST_MATH = YES;
				ONLY_ACTIVE_ARCH = YES;
				SDKROOT = iphoneos;
				SWIFT_ACTIVE_COMPILATION_CONDITIONS = DEBUG;
				SWIFT_OPTIMIZATION_LEVEL = "-Onone";
			};
			name = Debug;
		};
		607710772A5F3B1C0036F5D1 /* Release */ = {
			isa = XCBuildConfiguration;
			buildSettings = {
				ALWAYS_SEARCH_USER_PATHS = NO;
				CLANG_ANALYZER_NONNULL = YES;
				CLANG_ANALYZER_NUMBER_OBJECT_CONVERSION = YES_AGGRESSIVE;
				CLANG_CXX_LANGUAGE_STANDARD = "gnu++20";
				CLANG_ENABLE_MODULES = YES;
				CLANG_ENABLE_OBJC_ARC = YES;
				CLANG_ENABLE_OBJC_WEAK = YES;
				CLANG_WARN_BLOCK_CAPTURE_AUTORELEASING = YES;
				CLANG_WARN_BOOL_CONVERSION = YES;
				CLANG_WARN_COMMA = YES;
				CLANG_WARN_CONSTANT_CONVERSION = YES;
				CLANG_WARN_DEPRECATED_OBJC_IMPLEMENTATIONS = YES;
				CLANG_WARN_DIRECT_OBJC_ISA_USAGE = YES_ERROR;
				CLANG_WARN_DOCUMENTATION_COMMENTS = YES;
				CLANG_WARN_EMPTY_BODY = YES;
				CLANG_WARN_ENUM_CONVERSION = YES;
				CLANG_WARN_INFINITE_RECURSION = YES;
				CLANG_WARN_INT_CONVERSION = YES;
				CLANG_WARN_NON_LITERAL_NULL_CONVERSION = YES;
				CLANG_WARN_OBJC_IMPLICIT_RETAIN_SELF = YES;
				CLANG_WARN_OBJC_LITERAL_CONVERSION = YES;
				CLANG_WARN_OBJC_ROOT_CLASS = YES_ERROR;
				CLANG_WARN_QUOTED_INCLUDE_IN_FRAMEWORK_HEADER = YES;
				CLANG_WARN_RANGE_LOOP_ANALYSIS = YES;
				CLANG_WARN_STRICT_PROTOTYPES = YES;
				CLANG_WARN_SUSPICIOUS_MOVE = YES;
				CLANG_WARN_UNGUARDED_AVAILABILITY = YES_AGGRESSIVE;
				CLANG_WARN_UNREACHABLE_CODE = YES;
				CLANG_WARN__DUPLICATE_METHOD_MATCH = YES;
				COPY_PHASE_STRIP = NO;
				DEBUG_INFORMATION_FORMAT = "dwarf-with-dsym";
				ENABLE_NS_ASSERTIONS = NO;
				ENABLE_STRICT_OBJC_MSGSEND = YES;
				GCC_C_LANGUAGE_STANDARD = gnu11;
				GCC_NO_COMMON_BLOCKS = YES;
				GCC_WARN_64_TO_32_BIT_CONVERSION = YES;
				GCC_WARN_ABOUT_RETURN_TYPE = YES_ERROR;
				GCC_WARN_UNDECLARED_SELECTOR = YES;
				GCC_WARN_UNINITIALIZED_AUTOS = YES_AGGRESSIVE;
				GCC_WARN_UNUSED_FUNCTION = YES;
				GCC_WARN_UNUSED_VARIABLE = YES;
				IPHONEOS_DEPLOYMENT_TARGET = 16.4;
				MTL_ENABLE_DEBUG_INFO = NO;
				MTL_FAST_MATH = YES;
				SDKROOT = iphoneos;
				SWIFT_COMPILATION_MODE = wholemodule;
				SWIFT_OPTIMIZATION_LEVEL = "-O";
				VALIDATE_PRODUCT = YES;
			};
			name = Release;
		};
		607710792A5F3B1C0036F5D1 /* Debug */ = {
			isa = XCBuildConfiguration;
			buildSettings = {
				ASSETCATALOG_COMPILER_APPICON_NAME = AppIcon;
				ASSETCATALOG_COMPILER_GLOBAL_ACCENT_COLOR_NAME = AccentColor;
				CODE_SIGN_STYLE = Automatic;
				CURRENT_PROJECT_VERSION = 1;
				DEVELOPMENT_TEAM = WL3K4A7DH8;
				GENERATE_INFOPLIST_FILE = YES;
				INFOPLIST_FILE = HotelBooking/Info.plist;
				INFOPLIST_KEY_UIApplicationSupportsIndirectInputEvents = YES;
				INFOPLIST_KEY_UILaunchStoryboardName = LaunchScreen;
				INFOPLIST_KEY_UIMainStoryboardFile = Main;
				INFOPLIST_KEY_UISupportedInterfaceOrientations_iPad = "UIInterfaceOrientationPortrait UIInterfaceOrientationPortraitUpsideDown UIInterfaceOrientationLandscapeLeft UIInterfaceOrientationLandscapeRight";
				INFOPLIST_KEY_UISupportedInterfaceOrientations_iPhone = "UIInterfaceOrientationPortrait UIInterfaceOrientationLandscapeLeft UIInterfaceOrientationLandscapeRight";
				IPHONEOS_DEPLOYMENT_TARGET = 15.0;
				LD_RUNPATH_SEARCH_PATHS = (
					"$(inherited)",
					"@executable_path/Frameworks",
				);
				MARKETING_VERSION = 1.0;
				PRODUCT_BUNDLE_IDENTIFIER = com.barisdilekci.HotelBooking;
				PRODUCT_NAME = "$(TARGET_NAME)";
				SWIFT_EMIT_LOC_STRINGS = YES;
				SWIFT_VERSION = 5.0;
				TARGETED_DEVICE_FAMILY = "1,2";
			};
			name = Debug;
		};
		6077107A2A5F3B1C0036F5D1 /* Release */ = {
			isa = XCBuildConfiguration;
			buildSettings = {
				ASSETCATALOG_COMPILER_APPICON_NAME = AppIcon;
				ASSETCATALOG_COMPILER_GLOBAL_ACCENT_COLOR_NAME = AccentColor;
				CODE_SIGN_STYLE = Automatic;
				CURRENT_PROJECT_VERSION = 1;
				DEVELOPMENT_TEAM = WL3K4A7DH8;
				GENERATE_INFOPLIST_FILE = YES;
				INFOPLIST_FILE = HotelBooking/Info.plist;
				INFOPLIST_KEY_UIApplicationSupportsIndirectInputEvents = YES;
				INFOPLIST_KEY_UILaunchStoryboardName = LaunchScreen;
				INFOPLIST_KEY_UIMainStoryboardFile = Main;
				INFOPLIST_KEY_UISupportedInterfaceOrientations_iPad = "UIInterfaceOrientationPortrait UIInterfaceOrientationPortraitUpsideDown UIInterfaceOrientationLandscapeLeft UIInterfaceOrientationLandscapeRight";
				INFOPLIST_KEY_UISupportedInterfaceOrientations_iPhone = "UIInterfaceOrientationPortrait UIInterfaceOrientationLandscapeLeft UIInterfaceOrientationLandscapeRight";
				IPHONEOS_DEPLOYMENT_TARGET = 15.0;
				LD_RUNPATH_SEARCH_PATHS = (
					"$(inherited)",
					"@executable_path/Frameworks",
				);
				MARKETING_VERSION = 1.0;
				PRODUCT_BUNDLE_IDENTIFIER = com.barisdilekci.HotelBooking;
				PRODUCT_NAME = "$(TARGET_NAME)";
				SWIFT_EMIT_LOC_STRINGS = YES;
				SWIFT_VERSION = 5.0;
				TARGETED_DEVICE_FAMILY = "1,2";
			};
			name = Release;
		};
/* End XCBuildConfiguration section */

/* Begin XCConfigurationList section */
		6077105F2A5F3B1B0036F5D1 /* Build configuration list for PBXProject "HotelBooking" */ = {
			isa = XCConfigurationList;
			buildConfigurations = (
				607710762A5F3B1C0036F5D1 /* Debug */,
				607710772A5F3B1C0036F5D1 /* Release */,
			);
			defaultConfigurationIsVisible = 0;
			defaultConfigurationName = Release;
		};
		607710782A5F3B1C0036F5D1 /* Build configuration list for PBXNativeTarget "HotelBooking" */ = {
			isa = XCConfigurationList;
			buildConfigurations = (
				607710792A5F3B1C0036F5D1 /* Debug */,
				6077107A2A5F3B1C0036F5D1 /* Release */,
			);
			defaultConfigurationIsVisible = 0;
			defaultConfigurationName = Release;
		};
/* End XCConfigurationList section */
	};
	rootObject = 6077105C2A5F3B1B0036F5D1 /* Project object */;
}
